
Microsoft Visual Studio Solution File, Format Version 12.00
# Visual Studio Version 17
VisualStudioVersion = 17.12.35527.113 d17.12
MinimumVisualStudioVersion = 10.0.40219.1
Project("{2150E333-8FDC-42A3-9474-1A3956D46DE8}") = "Bootstrapper", "Bootstrapper", "{33944C7F-FEB5-4898-BAC3-3F3CA32E3676}"
EndProject
Project("{2150E333-8FDC-42A3-9474-1A3956D46DE8}") = "Shared", "Shared", "{CE72C9BC-E9F6-4121-B477-A1C6AAF43645}"
EndProject
Project("{2150E333-8FDC-42A3-9474-1A3956D46DE8}") = "Modules", "Modules", "{595B29EF-78F0-484A-9B8A-C86FEF031C3B}"
EndProject
Project("{FAE04EC0-301F-11D3-BF4B-00C04F79EFBC}") = "Api", "Bootstrapper\Api\Api.csproj", "{76950E52-5065-4518-9FB2-B814181366C8}"
EndProject
Project("{2150E333-8FDC-42A3-9474-1A3956D46DE8}") = "Catalog", "Catalog", "{221A8327-AF12-4EDC-A81B-1A55D411EB98}"
EndProject
Project("{2150E333-8FDC-42A3-9474-1A3956D46DE8}") = "Basket", "Basket", "{0C26E25C-EC9D-48BD-85E0-30C90D8E02FA}"
EndProject
Project("{2150E333-8FDC-42A3-9474-1A3956D46DE8}") = "Ordering", "Ordering", "{10A4BD83-8ACF-435F-9254-189AB14F3B26}"
EndProject
Project("{FAE04EC0-301F-11D3-BF4B-00C04F79EFBC}") = "Catalog", "Modules\Catalog\Catalog.csproj", "{55150B96-0AF6-4024-8058-0FC76B217598}"
EndProject
Project("{FAE04EC0-301F-11D3-BF4B-00C04F79EFBC}") = "Basket", "Modules\Basket\Basket.csproj", "{0A675864-6DF7-40DD-AD70-B2129088EC6B}"
EndProject
Project("{FAE04EC0-301F-11D3-BF4B-00C04F79EFBC}") = "Ordering", "Modules\Ordering\Ordering.csproj", "{917038DB-EBA7-42CA-88E2-44DCB44AA294}"
EndProject
Project("{FAE04EC0-301F-11D3-BF4B-00C04F79EFBC}") = "Shared", "Shared\Shared\Shared.csproj", "{5EA08839-DC06-41A4-9B6D-70A6B99F1FAC}"
EndProject
Project("{E53339B2-1760-4266-BCC7-CA923CBCF16C}") = "docker-compose", "docker-compose.dcproj", "{339E3620-4A5E-4876-9FAF-5614534F3571}"
EndProject
Global
	GlobalSection(SolutionConfigurationPlatforms) = preSolution
		Debug|Any CPU = Debug|Any CPU
		Release|Any CPU = Release|Any CPU
	EndGlobalSection
	GlobalSection(ProjectConfigurationPlatforms) = postSolution
		{76950E52-5065-4518-9FB2-B814181366C8}.Debug|Any CPU.ActiveCfg = Debug|Any CPU
		{76950E52-5065-4518-9FB2-B814181366C8}.Debug|Any CPU.Build.0 = Debug|Any CPU
		{76950E52-5065-4518-9FB2-B814181366C8}.Release|Any CPU.ActiveCfg = Release|Any CPU
		{76950E52-5065-4518-9FB2-B814181366C8}.Release|Any CPU.Build.0 = Release|Any CPU
		{55150B96-0AF6-4024-8058-0FC76B217598}.Debug|Any CPU.ActiveCfg = Debug|Any CPU
		{55150B96-0AF6-4024-8058-0FC76B217598}.Debug|Any CPU.Build.0 = Debug|Any CPU
		{55150B96-0AF6-4024-8058-0FC76B217598}.Release|Any CPU.ActiveCfg = Release|Any CPU
		{55150B96-0AF6-4024-8058-0FC76B217598}.Release|Any CPU.Build.0 = Release|Any CPU
		{0A675864-6DF7-40DD-AD70-B2129088EC6B}.Debug|Any CPU.ActiveCfg = Debug|Any CPU
		{0A675864-6DF7-40DD-AD70-B2129088EC6B}.Debug|Any CPU.Build.0 = Debug|Any CPU
		{0A675864-6DF7-40DD-AD70-B2129088EC6B}.Release|Any CPU.ActiveCfg = Release|Any CPU
		{0A675864-6DF7-40DD-AD70-B2129088EC6B}.Release|Any CPU.Build.0 = Release|Any CPU
		{917038DB-EBA7-42CA-88E2-44DCB44AA294}.Debug|Any CPU.ActiveCfg = Debug|Any CPU
		{917038DB-EBA7-42CA-88E2-44DCB44AA294}.Debug|Any CPU.Build.0 = Debug|Any CPU
		{917038DB-EBA7-42CA-88E2-44DCB44AA294}.Release|Any CPU.ActiveCfg = Release|Any CPU
		{917038DB-EBA7-42CA-88E2-44DCB44AA294}.Release|Any CPU.Build.0 = Release|Any CPU
		{5EA08839-DC06-41A4-9B6D-70A6B99F1FAC}.Debug|Any CPU.ActiveCfg = Debug|Any CPU
		{5EA08839-DC06-41A4-9B6D-70A6B99F1FAC}.Debug|Any CPU.Build.0 = Debug|Any CPU
		{5EA08839-DC06-41A4-9B6D-70A6B99F1FAC}.Release|Any CPU.ActiveCfg = Release|Any CPU
		{5EA08839-DC06-41A4-9B6D-70A6B99F1FAC}.Release|Any CPU.Build.0 = Release|Any CPU
		{339E3620-4A5E-4876-9FAF-5614534F3571}.Debug|Any CPU.ActiveCfg = Debug|Any CPU
		{339E3620-4A5E-4876-9FAF-5614534F3571}.Debug|Any CPU.Build.0 = Debug|Any CPU
		{339E3620-4A5E-4876-9FAF-5614534F3571}.Release|Any CPU.ActiveCfg = Release|Any CPU
		{339E3620-4A5E-4876-9FAF-5614534F3571}.Release|Any CPU.Build.0 = Release|Any CPU
	EndGlobalSection
	GlobalSection(SolutionProperties) = preSolution
		HideSolutionNode = FALSE
	EndGlobalSection
	GlobalSection(NestedProjects) = preSolution
		{76950E52-5065-4518-9FB2-B814181366C8} = {33944C7F-FEB5-4898-BAC3-3F3CA32E3676}
		{221A8327-AF12-4EDC-A81B-1A55D411EB98} = {595B29EF-78F0-484A-9B8A-C86FEF031C3B}
		{0C26E25C-EC9D-48BD-85E0-30C90D8E02FA} = {595B29EF-78F0-484A-9B8A-C86FEF031C3B}
		{10A4BD83-8ACF-435F-9254-189AB14F3B26} = {595B29EF-78F0-484A-9B8A-C86FEF031C3B}
		{55150B96-0AF6-4024-8058-0FC76B217598} = {221A8327-AF12-4EDC-A81B-1A55D411EB98}
		{0A675864-6DF7-40DD-AD70-B2129088EC6B} = {0C26E25C-EC9D-48BD-85E0-30C90D8E02FA}
		{917038DB-EBA7-42CA-88E2-44DCB44AA294} = {10A4BD83-8ACF-435F-9254-189AB14F3B26}
		{5EA08839-DC06-41A4-9B6D-70A6B99F1FAC} = {CE72C9BC-E9F6-4121-B477-A1C6AAF43645}
	EndGlobalSection
EndGlobal
