
Microsoft Visual Studio Solution File, Format Version 12.00
# Visual Studio Version 17
VisualStudioVersion = 17.12.35527.113 d17.12
MinimumVisualStudioVersion = 10.0.40219.1
Project("{2150E333-8FDC-42A3-9474-1A3956D46DE8}") = "Bootstrapper", "Bootstrapper", "{33944C7F-FEB5-4898-BAC3-3F3CA32E3676}"
EndProject
Project("{2150E333-8FDC-42A3-9474-1A3956D46DE8}") = "Shared", "Shared", "{CE72C9BC-E9F6-4121-B477-A1C6AAF43645}"
EndProject
Project("{2150E333-8FDC-42A3-9474-1A3956D46DE8}") = "Modules", "Modules", "{595B29EF-78F0-484A-9B8A-C86FEF031C3B}"
EndProject
Project("{FAE04EC0-301F-11D3-BF4B-00C04F79EFBC}") = "Api", "Bootstrapper\Api\Api.csproj", "{76950E52-5065-4518-9FB2-B814181366C8}"
EndProject
Project("{2150E333-8FDC-42A3-9474-1A3956D46DE8}") = "Catalog", "Catalog", "{221A8327-AF12-4EDC-A81B-1A55D411EB98}"
EndProject
Project("{2150E333-8FDC-42A3-9474-1A3956D46DE8}") = "Basket", "Basket", "{0C26E25C-EC9D-48BD-85E0-30C90D8E02FA}"
EndProject
Project("{2150E333-8FDC-42A3-9474-1A3956D46DE8}") = "Ordering", "Ordering", "{10A4BD83-8ACF-435F-9254-189AB14F3B26}"
EndProject
Project("{FAE04EC0-301F-11D3-BF4B-00C04F79EFBC}") = "Shared", "Shared\Shared\Shared.csproj", "{5EA08839-DC06-41A4-9B6D-70A6B99F1FAC}"
EndProject
Project("{E53339B2-1760-4266-BCC7-CA923CBCF16C}") = "docker-compose", "docker-compose.dcproj", "{339E3620-4A5E-4876-9FAF-5614534F3571}"
EndProject
Project("{FAE04EC0-301F-11D3-BF4B-00C04F79EFBC}") = "Catalog.Contracts", "Modules\Catalog\Catalog.Contracts\Catalog.Contracts.csproj", "{D47D4ADB-9542-425F-8906-5E2DE5ADD79D}"
EndProject
Project("{FAE04EC0-301F-11D3-BF4B-00C04F79EFBC}") = "Catalog", "Modules\Catalog\Catalog\Catalog.csproj", "{E1AFBB82-36F2-4186-9125-66FD7F62BB91}"
EndProject
Project("{FAE04EC0-301F-11D3-BF4B-00C04F79EFBC}") = "Basket", "Modules\Basket\Basket\Basket.csproj", "{99E228B3-C23A-4F6F-8267-A221B8838EF4}"
EndProject
Project("{FAE04EC0-301F-11D3-BF4B-00C04F79EFBC}") = "Ordering", "Modules\Ordering\Ordering\Ordering.csproj", "{2FE3A9B8-0BC9-4BCC-8069-47ED3B3DD995}"
EndProject
Project("{FAE04EC0-301F-11D3-BF4B-00C04F79EFBC}") = "Shared.Contracts", "Shared\Shared.Contracts\Shared.Contracts.csproj", "{2CDE5979-EE1F-4194-961B-5FCB99E3E716}"
EndProject
Project("{FAE04EC0-301F-11D3-BF4B-00C04F79EFBC}") = "Shared.Messaging", "Shared\Shared.Messaging\Shared.Messaging.csproj", "{7FACCF20-CA62-4FC5-A7CD-329A8C503E86}"
EndProject
Global
	GlobalSection(SolutionConfigurationPlatforms) = preSolution
		Debug|Any CPU = Debug|Any CPU
		Release|Any CPU = Release|Any CPU
	EndGlobalSection
	GlobalSection(ProjectConfigurationPlatforms) = postSolution
		{76950E52-5065-4518-9FB2-B814181366C8}.Debug|Any CPU.ActiveCfg = Debug|Any CPU
		{76950E52-5065-4518-9FB2-B814181366C8}.Debug|Any CPU.Build.0 = Debug|Any CPU
		{76950E52-5065-4518-9FB2-B814181366C8}.Release|Any CPU.ActiveCfg = Release|Any CPU
		{76950E52-5065-4518-9FB2-B814181366C8}.Release|Any CPU.Build.0 = Release|Any CPU
		{5EA08839-DC06-41A4-9B6D-70A6B99F1FAC}.Debug|Any CPU.ActiveCfg = Debug|Any CPU
		{5EA08839-DC06-41A4-9B6D-70A6B99F1FAC}.Debug|Any CPU.Build.0 = Debug|Any CPU
		{5EA08839-DC06-41A4-9B6D-70A6B99F1FAC}.Release|Any CPU.ActiveCfg = Release|Any CPU
		{5EA08839-DC06-41A4-9B6D-70A6B99F1FAC}.Release|Any CPU.Build.0 = Release|Any CPU
		{339E3620-4A5E-4876-9FAF-5614534F3571}.Debug|Any CPU.ActiveCfg = Debug|Any CPU
		{339E3620-4A5E-4876-9FAF-5614534F3571}.Debug|Any CPU.Build.0 = Debug|Any CPU
		{339E3620-4A5E-4876-9FAF-5614534F3571}.Release|Any CPU.ActiveCfg = Release|Any CPU
		{339E3620-4A5E-4876-9FAF-5614534F3571}.Release|Any CPU.Build.0 = Release|Any CPU
		{D47D4ADB-9542-425F-8906-5E2DE5ADD79D}.Debug|Any CPU.ActiveCfg = Debug|Any CPU
		{D47D4ADB-9542-425F-8906-5E2DE5ADD79D}.Debug|Any CPU.Build.0 = Debug|Any CPU
		{D47D4ADB-9542-425F-8906-5E2DE5ADD79D}.Release|Any CPU.ActiveCfg = Release|Any CPU
		{D47D4ADB-9542-425F-8906-5E2DE5ADD79D}.Release|Any CPU.Build.0 = Release|Any CPU
		{E1AFBB82-36F2-4186-9125-66FD7F62BB91}.Debug|Any CPU.ActiveCfg = Debug|Any CPU
		{E1AFBB82-36F2-4186-9125-66FD7F62BB91}.Debug|Any CPU.Build.0 = Debug|Any CPU
		{E1AFBB82-36F2-4186-9125-66FD7F62BB91}.Release|Any CPU.ActiveCfg = Release|Any CPU
		{E1AFBB82-36F2-4186-9125-66FD7F62BB91}.Release|Any CPU.Build.0 = Release|Any CPU
		{99E228B3-C23A-4F6F-8267-A221B8838EF4}.Debug|Any CPU.ActiveCfg = Debug|Any CPU
		{99E228B3-C23A-4F6F-8267-A221B8838EF4}.Debug|Any CPU.Build.0 = Debug|Any CPU
		{99E228B3-C23A-4F6F-8267-A221B8838EF4}.Release|Any CPU.ActiveCfg = Release|Any CPU
		{99E228B3-C23A-4F6F-8267-A221B8838EF4}.Release|Any CPU.Build.0 = Release|Any CPU
		{2FE3A9B8-0BC9-4BCC-8069-47ED3B3DD995}.Debug|Any CPU.ActiveCfg = Debug|Any CPU
		{2FE3A9B8-0BC9-4BCC-8069-47ED3B3DD995}.Debug|Any CPU.Build.0 = Debug|Any CPU
		{2FE3A9B8-0BC9-4BCC-8069-47ED3B3DD995}.Release|Any CPU.ActiveCfg = Release|Any CPU
		{2FE3A9B8-0BC9-4BCC-8069-47ED3B3DD995}.Release|Any CPU.Build.0 = Release|Any CPU
		{2CDE5979-EE1F-4194-961B-5FCB99E3E716}.Debug|Any CPU.ActiveCfg = Debug|Any CPU
		{2CDE5979-EE1F-4194-961B-5FCB99E3E716}.Debug|Any CPU.Build.0 = Debug|Any CPU
		{2CDE5979-EE1F-4194-961B-5FCB99E3E716}.Release|Any CPU.ActiveCfg = Release|Any CPU
		{2CDE5979-EE1F-4194-961B-5FCB99E3E716}.Release|Any CPU.Build.0 = Release|Any CPU
		{7FACCF20-CA62-4FC5-A7CD-329A8C503E86}.Debug|Any CPU.ActiveCfg = Debug|Any CPU
		{7FACCF20-CA62-4FC5-A7CD-329A8C503E86}.Debug|Any CPU.Build.0 = Debug|Any CPU
		{7FACCF20-CA62-4FC5-A7CD-329A8C503E86}.Release|Any CPU.ActiveCfg = Release|Any CPU
		{7FACCF20-CA62-4FC5-A7CD-329A8C503E86}.Release|Any CPU.Build.0 = Release|Any CPU
	EndGlobalSection
	GlobalSection(SolutionProperties) = preSolution
		HideSolutionNode = FALSE
	EndGlobalSection
	GlobalSection(NestedProjects) = preSolution
		{76950E52-5065-4518-9FB2-B814181366C8} = {33944C7F-FEB5-4898-BAC3-3F3CA32E3676}
		{221A8327-AF12-4EDC-A81B-1A55D411EB98} = {595B29EF-78F0-484A-9B8A-C86FEF031C3B}
		{0C26E25C-EC9D-48BD-85E0-30C90D8E02FA} = {595B29EF-78F0-484A-9B8A-C86FEF031C3B}
		{10A4BD83-8ACF-435F-9254-189AB14F3B26} = {595B29EF-78F0-484A-9B8A-C86FEF031C3B}
		{5EA08839-DC06-41A4-9B6D-70A6B99F1FAC} = {CE72C9BC-E9F6-4121-B477-A1C6AAF43645}
		{D47D4ADB-9542-425F-8906-5E2DE5ADD79D} = {221A8327-AF12-4EDC-A81B-1A55D411EB98}
		{E1AFBB82-36F2-4186-9125-66FD7F62BB91} = {221A8327-AF12-4EDC-A81B-1A55D411EB98}
		{99E228B3-C23A-4F6F-8267-A221B8838EF4} = {0C26E25C-EC9D-48BD-85E0-30C90D8E02FA}
		{2FE3A9B8-0BC9-4BCC-8069-47ED3B3DD995} = {10A4BD83-8ACF-435F-9254-189AB14F3B26}
		{2CDE5979-EE1F-4194-961B-5FCB99E3E716} = {CE72C9BC-E9F6-4121-B477-A1C6AAF43645}
		{7FACCF20-CA62-4FC5-A7CD-329A8C503E86} = {CE72C9BC-E9F6-4121-B477-A1C6AAF43645}
	EndGlobalSection
EndGlobal
